
Microsoft Visual Studio Solution File, Format Version 12.00
# Visual Studio Version 17
VisualStudioVersion = 17.3.32929.385
MinimumVisualStudioVersion = 10.0.40219.1
Project("{9A19103F-16F7-4668-BE54-9A1E7A4F7556}") = "ProductManager.Domain", "src\ProductManager.Domain\ProductManager.Domain.csproj", "{554AD327-6DBA-4F8F-96F8-81CE7A0C863F}"
EndProject
Project("{9A19103F-16F7-4668-BE54-9A1E7A4F7556}") = "HD.ProfileManager.TestBase", "modules\HD.ProfileManager\test\HD.ProfileManager.TestBase\HD.ProfileManager.TestBase.csproj", "{65301775-3B92-4BE4-B98D-893155A13F72}"
EndProject
Project("{9A19103F-16F7-4668-BE54-9A1E7A4F7556}") = "HD.ProfileManager.HttpApi.Client.ConsoleTestApp", "modules\HD.ProfileManager\test\HD.ProfileManager.HttpApi.Client.ConsoleTestApp\HD.ProfileManager.HttpApi.Client.ConsoleTestApp.csproj", "{AEB34862-DB5A-4546-9654-D6F7ACADF86F}"
EndProject
Project("{9A19103F-16F7-4668-BE54-9A1E7A4F7556}") = "HD.ProfileManager.EntityFrameworkCore.Tests", "modules\HD.ProfileManager\test\HD.ProfileManager.EntityFrameworkCore.Tests\HD.ProfileManager.EntityFrameworkCore.Tests.csproj", "{5BCEC288-E874-4DD2-947F-B52E1CC23786}"
EndProject
Project("{9A19103F-16F7-4668-BE54-9A1E7A4F7556}") = "HD.ProfileManager.Domain.Tests", "modules\HD.ProfileManager\test\HD.ProfileManager.Domain.Tests\HD.ProfileManager.Domain.Tests.csproj", "{88B61BB4-8335-4A1E-9FD5-B09E2287B2CE}"
EndProject
Project("{9A19103F-16F7-4668-BE54-9A1E7A4F7556}") = "HD.ProfileManager.Application.Tests", "modules\HD.ProfileManager\test\HD.ProfileManager.Application.Tests\HD.ProfileManager.Application.Tests.csproj", "{0D847DC1-85F2-4BD7-9BD3-999E5C63FA01}"
EndProject
Project("{9A19103F-16F7-4668-BE54-9A1E7A4F7556}") = "HD.ProfileManager.Web", "modules\HD.ProfileManager\src\HD.ProfileManager.Web\HD.ProfileManager.Web.csproj", "{EAE08764-6482-4706-AAD2-608B34B0A2B0}"
EndProject
Project("{9A19103F-16F7-4668-BE54-9A1E7A4F7556}") = "HD.ProfileManager.Installer", "modules\HD.ProfileManager\src\HD.ProfileManager.Installer\HD.ProfileManager.Installer.csproj", "{143706B0-0F25-4011-9CDF-EE6E79AB9EAC}"
EndProject
Project("{9A19103F-16F7-4668-BE54-9A1E7A4F7556}") = "HD.ProfileManager.HttpApi.Client", "modules\HD.ProfileManager\src\HD.ProfileManager.HttpApi.Client\HD.ProfileManager.HttpApi.Client.csproj", "{24E00544-031B-4ECD-A6DD-C398A5D31938}"
EndProject
Project("{9A19103F-16F7-4668-BE54-9A1E7A4F7556}") = "HD.ProfileManager.HttpApi", "modules\HD.ProfileManager\src\HD.ProfileManager.HttpApi\HD.ProfileManager.HttpApi.csproj", "{28CF0087-9EC8-48CF-AA04-A6B88C86CFFD}"
EndProject
Project("{9A19103F-16F7-4668-BE54-9A1E7A4F7556}") = "HD.ProfileManager.EntityFrameworkCore", "modules\HD.ProfileManager\src\HD.ProfileManager.EntityFrameworkCore\HD.ProfileManager.EntityFrameworkCore.csproj", "{F3F34D6C-ADA1-4285-8B8A-EBD3984E4F71}"
EndProject
Project("{9A19103F-16F7-4668-BE54-9A1E7A4F7556}") = "HD.ProfileManager.Domain.Shared", "modules\HD.ProfileManager\src\HD.ProfileManager.Domain.Shared\HD.ProfileManager.Domain.Shared.csproj", "{558A733D-A9FE-438B-AC59-1D7F223C2F3D}"
EndProject
Project("{9A19103F-16F7-4668-BE54-9A1E7A4F7556}") = "HD.ProfileManager.Domain", "modules\HD.ProfileManager\src\HD.ProfileManager.Domain\HD.ProfileManager.Domain.csproj", "{57ABC9FC-A19C-4A55-B333-2F3BB1D86108}"
EndProject
Project("{9A19103F-16F7-4668-BE54-9A1E7A4F7556}") = "HD.ProfileManager.Application.Contracts", "modules\HD.ProfileManager\src\HD.ProfileManager.Application.Contracts\HD.ProfileManager.Application.Contracts.csproj", "{870BBE44-666E-418E-B75B-A5CAFE4B2628}"
EndProject
Project("{9A19103F-16F7-4668-BE54-9A1E7A4F7556}") = "HD.ProfileManager.Application", "modules\HD.ProfileManager\src\HD.ProfileManager.Application\HD.ProfileManager.Application.csproj", "{B8F6EF23-600D-4D5A-8806-F1A5B1077943}"
EndProject
Project("{2150E333-8FDC-42A3-9474-1A3956D46DE8}") = "HD.ProfileManager.Tests", "HD.ProfileManager.Tests", "{74B0471F-517B-4191-8D0B-813BFA3C8C6D}"
EndProject
Project("{2150E333-8FDC-42A3-9474-1A3956D46DE8}") = "HD.ProfileManager", "HD.ProfileManager", "{CD10D1C2-A10F-44A9-A85C-A6E66195480B}"
EndProject
Project("{9A19103F-16F7-4668-BE54-9A1E7A4F7556}") = "Volo.Abp.AspNetCore.Mvc.UI.Theme.Basic.Demo", "modules\Volo.BasicTheme\test\Volo.Abp.AspNetCore.Mvc.UI.Theme.Basic.Demo\Volo.Abp.AspNetCore.Mvc.UI.Theme.Basic.Demo.csproj", "{5225A468-0C02-4C98-A1D0-E5EE8CA47EFB}"
EndProject
Project("{9A19103F-16F7-4668-BE54-9A1E7A4F7556}") = "Volo.Abp.AspNetCore.Mvc.UI.Bootstrap.Demo.Tests", "modules\Volo.BasicTheme\test\Volo.Abp.AspNetCore.Mvc.UI.Bootstrap.Demo.Tests\Volo.Abp.AspNetCore.Mvc.UI.Bootstrap.Demo.Tests.csproj", "{27D3EAB4-64CE-4892-B43D-5BA52D981514}"
EndProject
Project("{9A19103F-16F7-4668-BE54-9A1E7A4F7556}") = "Volo.Abp.AspNetCore.Mvc.UI.Bootstrap.Demo", "modules\Volo.BasicTheme\test\Volo.Abp.AspNetCore.Mvc.UI.Bootstrap.Demo\Volo.Abp.AspNetCore.Mvc.UI.Bootstrap.Demo.csproj", "{B92E38EF-8E4B-4F1C-B41B-AA03D5F5AA28}"
EndProject
Project("{9A19103F-16F7-4668-BE54-9A1E7A4F7556}") = "Volo.Abp.BasicTheme.Installer", "modules\Volo.BasicTheme\src\Volo.Abp.BasicTheme.Installer\Volo.Abp.BasicTheme.Installer.csproj", "{D662D4B9-05EC-484F-938B-34A24498199B}"
EndProject
Project("{9A19103F-16F7-4668-BE54-9A1E7A4F7556}") = "Volo.Abp.AspNetCore.Mvc.UI.Theme.Basic", "modules\Volo.BasicTheme\src\Volo.Abp.AspNetCore.Mvc.UI.Theme.Basic\Volo.Abp.AspNetCore.Mvc.UI.Theme.Basic.csproj", "{E0931919-9023-40F8-83E7-A73FF14C3A7F}"
EndProject
Project("{9A19103F-16F7-4668-BE54-9A1E7A4F7556}") = "Volo.Abp.AspNetCore.Components.WebAssembly.BasicTheme", "modules\Volo.BasicTheme\src\Volo.Abp.AspNetCore.Components.WebAssembly.BasicTheme\Volo.Abp.AspNetCore.Components.WebAssembly.BasicTheme.csproj", "{D9B6543C-F033-4AFD-BB75-D659FAAA941D}"
EndProject
Project("{9A19103F-16F7-4668-BE54-9A1E7A4F7556}") = "Volo.Abp.AspNetCore.Components.Web.BasicTheme", "modules\Volo.BasicTheme\src\Volo.Abp.AspNetCore.Components.Web.BasicTheme\Volo.Abp.AspNetCore.Components.Web.BasicTheme.csproj", "{277474C0-2E51-4C95-A34F-C2DAAB97BED4}"
EndProject
Project("{9A19103F-16F7-4668-BE54-9A1E7A4F7556}") = "Volo.Abp.AspNetCore.Components.Server.BasicTheme", "modules\Volo.BasicTheme\src\Volo.Abp.AspNetCore.Components.Server.BasicTheme\Volo.Abp.AspNetCore.Components.Server.BasicTheme.csproj", "{005F0936-05AE-4918-BD7C-8ECCA3A8EAAF}"
EndProject
Project("{2150E333-8FDC-42A3-9474-1A3956D46DE8}") = "Volo.BasicTheme.Tests", "Volo.BasicTheme.Tests", "{B830DCB3-6814-46F1-B990-555CC11DEA02}"
EndProject
Project("{2150E333-8FDC-42A3-9474-1A3956D46DE8}") = "Volo.BasicTheme", "Volo.BasicTheme", "{FEE25EA4-8825-4ADB-9F68-7E978B68AD81}"
EndProject
Project("{2150E333-8FDC-42A3-9474-1A3956D46DE8}") = "modules", "modules", "{D6CB65C7-95F0-4ABD-BDAC-5F607C70402B}"
EndProject
Project("{9A19103F-16F7-4668-BE54-9A1E7A4F7556}") = "ProductManager.Application", "src\ProductManager.Application\ProductManager.Application.csproj", "{1A94A50E-06DC-43C1-80B5-B662820EC3EB}"
EndProject
Project("{9A19103F-16F7-4668-BE54-9A1E7A4F7556}") = "ProductManager.EntityFrameworkCore", "src\ProductManager.EntityFrameworkCore\ProductManager.EntityFrameworkCore.csproj", "{C956DD76-69C8-4A9C-83EA-D17DF83340FD}"
EndProject
Project("{9A19103F-16F7-4668-BE54-9A1E7A4F7556}") = "ProductManager.Web", "src\ProductManager.Web\ProductManager.Web.csproj", "{068855E8-9240-4F1A-910B-CF825794513B}"
EndProject
Project("{2150E333-8FDC-42A3-9474-1A3956D46DE8}") = "src", "src", "{CA9AC87F-097E-4F15-8393-4BC07735A5B0}"
EndProject
Project("{2150E333-8FDC-42A3-9474-1A3956D46DE8}") = "test", "test", "{04DBDB01-70F4-4E06-B468-8F87850B22BE}"
EndProject
Project("{9A19103F-16F7-4668-BE54-9A1E7A4F7556}") = "ProductManager.Application.Tests", "test\ProductManager.Application.Tests\ProductManager.Application.Tests.csproj", "{50B2631D-129C-47B3-A587-029CCD6099BC}"
EndProject
Project("{9A19103F-16F7-4668-BE54-9A1E7A4F7556}") = "ProductManager.Web.Tests", "test\ProductManager.Web.Tests\ProductManager.Web.Tests.csproj", "{5F1B28C6-8D0C-4155-92D0-252F7EA5F674}"
EndProject
Project("{9A19103F-16F7-4668-BE54-9A1E7A4F7556}") = "ProductManager.Domain.Shared", "src\ProductManager.Domain.Shared\ProductManager.Domain.Shared.csproj", "{42F719ED-8413-4895-B5B4-5AB56079BC66}"
EndProject
Project("{9A19103F-16F7-4668-BE54-9A1E7A4F7556}") = "ProductManager.Application.Contracts", "src\ProductManager.Application.Contracts\ProductManager.Application.Contracts.csproj", "{520659C8-C734-4298-A3DA-B539DB9DFC0B}"
EndProject
Project("{9A19103F-16F7-4668-BE54-9A1E7A4F7556}") = "ProductManager.HttpApi", "src\ProductManager.HttpApi\ProductManager.HttpApi.csproj", "{4164BDF7-F527-4E85-9CE6-E3C2D7426A27}"
EndProject
Project("{9A19103F-16F7-4668-BE54-9A1E7A4F7556}") = "ProductManager.HttpApi.Client", "src\ProductManager.HttpApi.Client\ProductManager.HttpApi.Client.csproj", "{3B5A0094-670D-4BB1-BFDD-61B88A8773DC}"
EndProject
Project("{9A19103F-16F7-4668-BE54-9A1E7A4F7556}") = "ProductManager.EntityFrameworkCore.Tests", "test\ProductManager.EntityFrameworkCore.Tests\ProductManager.EntityFrameworkCore.Tests.csproj", "{1FE30EB9-74A9-47F5-A9F6-7B1FAB672D81}"
EndProject
Project("{9A19103F-16F7-4668-BE54-9A1E7A4F7556}") = "ProductManager.TestBase", "test\ProductManager.TestBase\ProductManager.TestBase.csproj", "{91853F21-9CD9-4132-BC29-A7D5D84FFFE7}"
EndProject
Project("{9A19103F-16F7-4668-BE54-9A1E7A4F7556}") = "ProductManager.Domain.Tests", "test\ProductManager.Domain.Tests\ProductManager.Domain.Tests.csproj", "{E512F4D9-9375-480F-A2F6-A46509F9D824}"
EndProject
Project("{9A19103F-16F7-4668-BE54-9A1E7A4F7556}") = "ProductManager.HttpApi.Client.ConsoleTestApp", "test\ProductManager.HttpApi.Client.ConsoleTestApp\ProductManager.HttpApi.Client.ConsoleTestApp.csproj", "{EF480016-9127-4916-8735-D2466BDBC582}"
EndProject
Project("{9A19103F-16F7-4668-BE54-9A1E7A4F7556}") = "ProductManager.DbMigrator", "src\ProductManager.DbMigrator\ProductManager.DbMigrator.csproj", "{AA94D832-1CCC-4715-95A9-A483F23A1A5D}"
EndProject
Global
	GlobalSection(SolutionConfigurationPlatforms) = preSolution
		Debug|Any CPU = Debug|Any CPU
		Release|Any CPU = Release|Any CPU
	EndGlobalSection
	GlobalSection(ProjectConfigurationPlatforms) = postSolution
		{554AD327-6DBA-4F8F-96F8-81CE7A0C863F}.Debug|Any CPU.ActiveCfg = Debug|Any CPU
		{554AD327-6DBA-4F8F-96F8-81CE7A0C863F}.Debug|Any CPU.Build.0 = Debug|Any CPU
		{554AD327-6DBA-4F8F-96F8-81CE7A0C863F}.Release|Any CPU.ActiveCfg = Release|Any CPU
		{554AD327-6DBA-4F8F-96F8-81CE7A0C863F}.Release|Any CPU.Build.0 = Release|Any CPU
		{65301775-3B92-4BE4-B98D-893155A13F72}.Debug|Any CPU.ActiveCfg = Debug|Any CPU
		{65301775-3B92-4BE4-B98D-893155A13F72}.Debug|Any CPU.Build.0 = Debug|Any CPU
		{65301775-3B92-4BE4-B98D-893155A13F72}.Release|Any CPU.ActiveCfg = Release|Any CPU
		{65301775-3B92-4BE4-B98D-893155A13F72}.Release|Any CPU.Build.0 = Release|Any CPU
		{AEB34862-DB5A-4546-9654-D6F7ACADF86F}.Debug|Any CPU.ActiveCfg = Debug|Any CPU
		{AEB34862-DB5A-4546-9654-D6F7ACADF86F}.Debug|Any CPU.Build.0 = Debug|Any CPU
		{AEB34862-DB5A-4546-9654-D6F7ACADF86F}.Release|Any CPU.ActiveCfg = Release|Any CPU
		{AEB34862-DB5A-4546-9654-D6F7ACADF86F}.Release|Any CPU.Build.0 = Release|Any CPU
		{5BCEC288-E874-4DD2-947F-B52E1CC23786}.Debug|Any CPU.ActiveCfg = Debug|Any CPU
		{5BCEC288-E874-4DD2-947F-B52E1CC23786}.Debug|Any CPU.Build.0 = Debug|Any CPU
		{5BCEC288-E874-4DD2-947F-B52E1CC23786}.Release|Any CPU.ActiveCfg = Release|Any CPU
		{5BCEC288-E874-4DD2-947F-B52E1CC23786}.Release|Any CPU.Build.0 = Release|Any CPU
		{88B61BB4-8335-4A1E-9FD5-B09E2287B2CE}.Debug|Any CPU.ActiveCfg = Debug|Any CPU
		{88B61BB4-8335-4A1E-9FD5-B09E2287B2CE}.Debug|Any CPU.Build.0 = Debug|Any CPU
		{88B61BB4-8335-4A1E-9FD5-B09E2287B2CE}.Release|Any CPU.ActiveCfg = Release|Any CPU
		{88B61BB4-8335-4A1E-9FD5-B09E2287B2CE}.Release|Any CPU.Build.0 = Release|Any CPU
		{0D847DC1-85F2-4BD7-9BD3-999E5C63FA01}.Debug|Any CPU.ActiveCfg = Debug|Any CPU
		{0D847DC1-85F2-4BD7-9BD3-999E5C63FA01}.Debug|Any CPU.Build.0 = Debug|Any CPU
		{0D847DC1-85F2-4BD7-9BD3-999E5C63FA01}.Release|Any CPU.ActiveCfg = Release|Any CPU
		{0D847DC1-85F2-4BD7-9BD3-999E5C63FA01}.Release|Any CPU.Build.0 = Release|Any CPU
		{EAE08764-6482-4706-AAD2-608B34B0A2B0}.Debug|Any CPU.ActiveCfg = Debug|Any CPU
		{EAE08764-6482-4706-AAD2-608B34B0A2B0}.Debug|Any CPU.Build.0 = Debug|Any CPU
		{EAE08764-6482-4706-AAD2-608B34B0A2B0}.Release|Any CPU.ActiveCfg = Release|Any CPU
		{EAE08764-6482-4706-AAD2-608B34B0A2B0}.Release|Any CPU.Build.0 = Release|Any CPU
		{143706B0-0F25-4011-9CDF-EE6E79AB9EAC}.Debug|Any CPU.ActiveCfg = Debug|Any CPU
		{143706B0-0F25-4011-9CDF-EE6E79AB9EAC}.Debug|Any CPU.Build.0 = Debug|Any CPU
		{143706B0-0F25-4011-9CDF-EE6E79AB9EAC}.Release|Any CPU.ActiveCfg = Release|Any CPU
		{143706B0-0F25-4011-9CDF-EE6E79AB9EAC}.Release|Any CPU.Build.0 = Release|Any CPU
		{24E00544-031B-4ECD-A6DD-C398A5D31938}.Debug|Any CPU.ActiveCfg = Debug|Any CPU
		{24E00544-031B-4ECD-A6DD-C398A5D31938}.Debug|Any CPU.Build.0 = Debug|Any CPU
		{24E00544-031B-4ECD-A6DD-C398A5D31938}.Release|Any CPU.ActiveCfg = Release|Any CPU
		{24E00544-031B-4ECD-A6DD-C398A5D31938}.Release|Any CPU.Build.0 = Release|Any CPU
		{28CF0087-9EC8-48CF-AA04-A6B88C86CFFD}.Debug|Any CPU.ActiveCfg = Debug|Any CPU
		{28CF0087-9EC8-48CF-AA04-A6B88C86CFFD}.Debug|Any CPU.Build.0 = Debug|Any CPU
		{28CF0087-9EC8-48CF-AA04-A6B88C86CFFD}.Release|Any CPU.ActiveCfg = Release|Any CPU
		{28CF0087-9EC8-48CF-AA04-A6B88C86CFFD}.Release|Any CPU.Build.0 = Release|Any CPU
		{F3F34D6C-ADA1-4285-8B8A-EBD3984E4F71}.Debug|Any CPU.ActiveCfg = Debug|Any CPU
		{F3F34D6C-ADA1-4285-8B8A-EBD3984E4F71}.Debug|Any CPU.Build.0 = Debug|Any CPU
		{F3F34D6C-ADA1-4285-8B8A-EBD3984E4F71}.Release|Any CPU.ActiveCfg = Release|Any CPU
		{F3F34D6C-ADA1-4285-8B8A-EBD3984E4F71}.Release|Any CPU.Build.0 = Release|Any CPU
		{558A733D-A9FE-438B-AC59-1D7F223C2F3D}.Debug|Any CPU.ActiveCfg = Debug|Any CPU
		{558A733D-A9FE-438B-AC59-1D7F223C2F3D}.Debug|Any CPU.Build.0 = Debug|Any CPU
		{558A733D-A9FE-438B-AC59-1D7F223C2F3D}.Release|Any CPU.ActiveCfg = Release|Any CPU
		{558A733D-A9FE-438B-AC59-1D7F223C2F3D}.Release|Any CPU.Build.0 = Release|Any CPU
		{57ABC9FC-A19C-4A55-B333-2F3BB1D86108}.Debug|Any CPU.ActiveCfg = Debug|Any CPU
		{57ABC9FC-A19C-4A55-B333-2F3BB1D86108}.Debug|Any CPU.Build.0 = Debug|Any CPU
		{57ABC9FC-A19C-4A55-B333-2F3BB1D86108}.Release|Any CPU.ActiveCfg = Release|Any CPU
		{57ABC9FC-A19C-4A55-B333-2F3BB1D86108}.Release|Any CPU.Build.0 = Release|Any CPU
		{870BBE44-666E-418E-B75B-A5CAFE4B2628}.Debug|Any CPU.ActiveCfg = Debug|Any CPU
		{870BBE44-666E-418E-B75B-A5CAFE4B2628}.Debug|Any CPU.Build.0 = Debug|Any CPU
		{870BBE44-666E-418E-B75B-A5CAFE4B2628}.Release|Any CPU.ActiveCfg = Release|Any CPU
		{870BBE44-666E-418E-B75B-A5CAFE4B2628}.Release|Any CPU.Build.0 = Release|Any CPU
		{B8F6EF23-600D-4D5A-8806-F1A5B1077943}.Debug|Any CPU.ActiveCfg = Debug|Any CPU
		{B8F6EF23-600D-4D5A-8806-F1A5B1077943}.Debug|Any CPU.Build.0 = Debug|Any CPU
		{B8F6EF23-600D-4D5A-8806-F1A5B1077943}.Release|Any CPU.ActiveCfg = Release|Any CPU
		{B8F6EF23-600D-4D5A-8806-F1A5B1077943}.Release|Any CPU.Build.0 = Release|Any CPU
		{5225A468-0C02-4C98-A1D0-E5EE8CA47EFB}.Debug|Any CPU.ActiveCfg = Debug|Any CPU
		{5225A468-0C02-4C98-A1D0-E5EE8CA47EFB}.Debug|Any CPU.Build.0 = Debug|Any CPU
		{5225A468-0C02-4C98-A1D0-E5EE8CA47EFB}.Release|Any CPU.ActiveCfg = Release|Any CPU
		{5225A468-0C02-4C98-A1D0-E5EE8CA47EFB}.Release|Any CPU.Build.0 = Release|Any CPU
		{27D3EAB4-64CE-4892-B43D-5BA52D981514}.Debug|Any CPU.ActiveCfg = Debug|Any CPU
		{27D3EAB4-64CE-4892-B43D-5BA52D981514}.Debug|Any CPU.Build.0 = Debug|Any CPU
		{27D3EAB4-64CE-4892-B43D-5BA52D981514}.Release|Any CPU.ActiveCfg = Release|Any CPU
		{27D3EAB4-64CE-4892-B43D-5BA52D981514}.Release|Any CPU.Build.0 = Release|Any CPU
		{B92E38EF-8E4B-4F1C-B41B-AA03D5F5AA28}.Debug|Any CPU.ActiveCfg = Debug|Any CPU
		{B92E38EF-8E4B-4F1C-B41B-AA03D5F5AA28}.Debug|Any CPU.Build.0 = Debug|Any CPU
		{B92E38EF-8E4B-4F1C-B41B-AA03D5F5AA28}.Release|Any CPU.ActiveCfg = Release|Any CPU
		{B92E38EF-8E4B-4F1C-B41B-AA03D5F5AA28}.Release|Any CPU.Build.0 = Release|Any CPU
		{D662D4B9-05EC-484F-938B-34A24498199B}.Debug|Any CPU.ActiveCfg = Debug|Any CPU
		{D662D4B9-05EC-484F-938B-34A24498199B}.Debug|Any CPU.Build.0 = Debug|Any CPU
		{D662D4B9-05EC-484F-938B-34A24498199B}.Release|Any CPU.ActiveCfg = Release|Any CPU
		{D662D4B9-05EC-484F-938B-34A24498199B}.Release|Any CPU.Build.0 = Release|Any CPU
		{E0931919-9023-40F8-83E7-A73FF14C3A7F}.Debug|Any CPU.ActiveCfg = Debug|Any CPU
		{E0931919-9023-40F8-83E7-A73FF14C3A7F}.Debug|Any CPU.Build.0 = Debug|Any CPU
		{E0931919-9023-40F8-83E7-A73FF14C3A7F}.Release|Any CPU.ActiveCfg = Release|Any CPU
		{E0931919-9023-40F8-83E7-A73FF14C3A7F}.Release|Any CPU.Build.0 = Release|Any CPU
		{D9B6543C-F033-4AFD-BB75-D659FAAA941D}.Debug|Any CPU.ActiveCfg = Debug|Any CPU
		{D9B6543C-F033-4AFD-BB75-D659FAAA941D}.Debug|Any CPU.Build.0 = Debug|Any CPU
		{D9B6543C-F033-4AFD-BB75-D659FAAA941D}.Release|Any CPU.ActiveCfg = Release|Any CPU
		{D9B6543C-F033-4AFD-BB75-D659FAAA941D}.Release|Any CPU.Build.0 = Release|Any CPU
		{277474C0-2E51-4C95-A34F-C2DAAB97BED4}.Debug|Any CPU.ActiveCfg = Debug|Any CPU
		{277474C0-2E51-4C95-A34F-C2DAAB97BED4}.Debug|Any CPU.Build.0 = Debug|Any CPU
		{277474C0-2E51-4C95-A34F-C2DAAB97BED4}.Release|Any CPU.ActiveCfg = Release|Any CPU
		{277474C0-2E51-4C95-A34F-C2DAAB97BED4}.Release|Any CPU.Build.0 = Release|Any CPU
		{005F0936-05AE-4918-BD7C-8ECCA3A8EAAF}.Debug|Any CPU.ActiveCfg = Debug|Any CPU
		{005F0936-05AE-4918-BD7C-8ECCA3A8EAAF}.Debug|Any CPU.Build.0 = Debug|Any CPU
		{005F0936-05AE-4918-BD7C-8ECCA3A8EAAF}.Release|Any CPU.ActiveCfg = Release|Any CPU
		{005F0936-05AE-4918-BD7C-8ECCA3A8EAAF}.Release|Any CPU.Build.0 = Release|Any CPU
		{1A94A50E-06DC-43C1-80B5-B662820EC3EB}.Debug|Any CPU.ActiveCfg = Debug|Any CPU
		{1A94A50E-06DC-43C1-80B5-B662820EC3EB}.Debug|Any CPU.Build.0 = Debug|Any CPU
		{1A94A50E-06DC-43C1-80B5-B662820EC3EB}.Release|Any CPU.ActiveCfg = Release|Any CPU
		{1A94A50E-06DC-43C1-80B5-B662820EC3EB}.Release|Any CPU.Build.0 = Release|Any CPU
		{C956DD76-69C8-4A9C-83EA-D17DF83340FD}.Debug|Any CPU.ActiveCfg = Debug|Any CPU
		{C956DD76-69C8-4A9C-83EA-D17DF83340FD}.Debug|Any CPU.Build.0 = Debug|Any CPU
		{C956DD76-69C8-4A9C-83EA-D17DF83340FD}.Release|Any CPU.ActiveCfg = Release|Any CPU
		{C956DD76-69C8-4A9C-83EA-D17DF83340FD}.Release|Any CPU.Build.0 = Release|Any CPU
		{068855E8-9240-4F1A-910B-CF825794513B}.Debug|Any CPU.ActiveCfg = Debug|Any CPU
		{068855E8-9240-4F1A-910B-CF825794513B}.Debug|Any CPU.Build.0 = Debug|Any CPU
		{068855E8-9240-4F1A-910B-CF825794513B}.Release|Any CPU.ActiveCfg = Release|Any CPU
		{068855E8-9240-4F1A-910B-CF825794513B}.Release|Any CPU.Build.0 = Release|Any CPU
		{50B2631D-129C-47B3-A587-029CCD6099BC}.Debug|Any CPU.ActiveCfg = Debug|Any CPU
		{50B2631D-129C-47B3-A587-029CCD6099BC}.Debug|Any CPU.Build.0 = Debug|Any CPU
		{50B2631D-129C-47B3-A587-029CCD6099BC}.Release|Any CPU.ActiveCfg = Release|Any CPU
		{50B2631D-129C-47B3-A587-029CCD6099BC}.Release|Any CPU.Build.0 = Release|Any CPU
		{5F1B28C6-8D0C-4155-92D0-252F7EA5F674}.Debug|Any CPU.ActiveCfg = Debug|Any CPU
		{5F1B28C6-8D0C-4155-92D0-252F7EA5F674}.Debug|Any CPU.Build.0 = Debug|Any CPU
		{5F1B28C6-8D0C-4155-92D0-252F7EA5F674}.Release|Any CPU.ActiveCfg = Release|Any CPU
		{5F1B28C6-8D0C-4155-92D0-252F7EA5F674}.Release|Any CPU.Build.0 = Release|Any CPU
		{42F719ED-8413-4895-B5B4-5AB56079BC66}.Debug|Any CPU.ActiveCfg = Debug|Any CPU
		{42F719ED-8413-4895-B5B4-5AB56079BC66}.Debug|Any CPU.Build.0 = Debug|Any CPU
		{42F719ED-8413-4895-B5B4-5AB56079BC66}.Release|Any CPU.ActiveCfg = Release|Any CPU
		{42F719ED-8413-4895-B5B4-5AB56079BC66}.Release|Any CPU.Build.0 = Release|Any CPU
		{520659C8-C734-4298-A3DA-B539DB9DFC0B}.Debug|Any CPU.ActiveCfg = Debug|Any CPU
		{520659C8-C734-4298-A3DA-B539DB9DFC0B}.Debug|Any CPU.Build.0 = Debug|Any CPU
		{520659C8-C734-4298-A3DA-B539DB9DFC0B}.Release|Any CPU.ActiveCfg = Release|Any CPU
		{520659C8-C734-4298-A3DA-B539DB9DFC0B}.Release|Any CPU.Build.0 = Release|Any CPU
		{4164BDF7-F527-4E85-9CE6-E3C2D7426A27}.Debug|Any CPU.ActiveCfg = Debug|Any CPU
		{4164BDF7-F527-4E85-9CE6-E3C2D7426A27}.Debug|Any CPU.Build.0 = Debug|Any CPU
		{4164BDF7-F527-4E85-9CE6-E3C2D7426A27}.Release|Any CPU.ActiveCfg = Release|Any CPU
		{4164BDF7-F527-4E85-9CE6-E3C2D7426A27}.Release|Any CPU.Build.0 = Release|Any CPU
		{3B5A0094-670D-4BB1-BFDD-61B88A8773DC}.Debug|Any CPU.ActiveCfg = Debug|Any CPU
		{3B5A0094-670D-4BB1-BFDD-61B88A8773DC}.Debug|Any CPU.Build.0 = Debug|Any CPU
		{3B5A0094-670D-4BB1-BFDD-61B88A8773DC}.Release|Any CPU.ActiveCfg = Release|Any CPU
		{3B5A0094-670D-4BB1-BFDD-61B88A8773DC}.Release|Any CPU.Build.0 = Release|Any CPU
		{1FE30EB9-74A9-47F5-A9F6-7B1FAB672D81}.Debug|Any CPU.ActiveCfg = Debug|Any CPU
		{1FE30EB9-74A9-47F5-A9F6-7B1FAB672D81}.Debug|Any CPU.Build.0 = Debug|Any CPU
		{1FE30EB9-74A9-47F5-A9F6-7B1FAB672D81}.Release|Any CPU.ActiveCfg = Release|Any CPU
		{1FE30EB9-74A9-47F5-A9F6-7B1FAB672D81}.Release|Any CPU.Build.0 = Release|Any CPU
		{91853F21-9CD9-4132-BC29-A7D5D84FFFE7}.Debug|Any CPU.ActiveCfg = Debug|Any CPU
		{91853F21-9CD9-4132-BC29-A7D5D84FFFE7}.Debug|Any CPU.Build.0 = Debug|Any CPU
		{91853F21-9CD9-4132-BC29-A7D5D84FFFE7}.Release|Any CPU.ActiveCfg = Release|Any CPU
		{91853F21-9CD9-4132-BC29-A7D5D84FFFE7}.Release|Any CPU.Build.0 = Release|Any CPU
		{E512F4D9-9375-480F-A2F6-A46509F9D824}.Debug|Any CPU.ActiveCfg = Debug|Any CPU
		{E512F4D9-9375-480F-A2F6-A46509F9D824}.Debug|Any CPU.Build.0 = Debug|Any CPU
		{E512F4D9-9375-480F-A2F6-A46509F9D824}.Release|Any CPU.ActiveCfg = Release|Any CPU
		{E512F4D9-9375-480F-A2F6-A46509F9D824}.Release|Any CPU.Build.0 = Release|Any CPU
		{EF480016-9127-4916-8735-D2466BDBC582}.Debug|Any CPU.ActiveCfg = Debug|Any CPU
		{EF480016-9127-4916-8735-D2466BDBC582}.Debug|Any CPU.Build.0 = Debug|Any CPU
		{EF480016-9127-4916-8735-D2466BDBC582}.Release|Any CPU.ActiveCfg = Release|Any CPU
		{EF480016-9127-4916-8735-D2466BDBC582}.Release|Any CPU.Build.0 = Release|Any CPU
		{AA94D832-1CCC-4715-95A9-A483F23A1A5D}.Debug|Any CPU.ActiveCfg = Debug|Any CPU
		{AA94D832-1CCC-4715-95A9-A483F23A1A5D}.Debug|Any CPU.Build.0 = Debug|Any CPU
		{AA94D832-1CCC-4715-95A9-A483F23A1A5D}.Release|Any CPU.ActiveCfg = Release|Any CPU
		{AA94D832-1CCC-4715-95A9-A483F23A1A5D}.Release|Any CPU.Build.0 = Release|Any CPU
	EndGlobalSection
	GlobalSection(SolutionProperties) = preSolution
		HideSolutionNode = FALSE
	EndGlobalSection
	GlobalSection(NestedProjects) = preSolution
		{554AD327-6DBA-4F8F-96F8-81CE7A0C863F} = {CA9AC87F-097E-4F15-8393-4BC07735A5B0}
		{65301775-3B92-4BE4-B98D-893155A13F72} = {74B0471F-517B-4191-8D0B-813BFA3C8C6D}
		{AEB34862-DB5A-4546-9654-D6F7ACADF86F} = {74B0471F-517B-4191-8D0B-813BFA3C8C6D}
		{5BCEC288-E874-4DD2-947F-B52E1CC23786} = {74B0471F-517B-4191-8D0B-813BFA3C8C6D}
		{88B61BB4-8335-4A1E-9FD5-B09E2287B2CE} = {74B0471F-517B-4191-8D0B-813BFA3C8C6D}
		{0D847DC1-85F2-4BD7-9BD3-999E5C63FA01} = {74B0471F-517B-4191-8D0B-813BFA3C8C6D}
		{EAE08764-6482-4706-AAD2-608B34B0A2B0} = {CD10D1C2-A10F-44A9-A85C-A6E66195480B}
		{143706B0-0F25-4011-9CDF-EE6E79AB9EAC} = {CD10D1C2-A10F-44A9-A85C-A6E66195480B}
		{24E00544-031B-4ECD-A6DD-C398A5D31938} = {CD10D1C2-A10F-44A9-A85C-A6E66195480B}
		{28CF0087-9EC8-48CF-AA04-A6B88C86CFFD} = {CD10D1C2-A10F-44A9-A85C-A6E66195480B}
		{F3F34D6C-ADA1-4285-8B8A-EBD3984E4F71} = {CD10D1C2-A10F-44A9-A85C-A6E66195480B}
		{558A733D-A9FE-438B-AC59-1D7F223C2F3D} = {CD10D1C2-A10F-44A9-A85C-A6E66195480B}
		{57ABC9FC-A19C-4A55-B333-2F3BB1D86108} = {CD10D1C2-A10F-44A9-A85C-A6E66195480B}
		{870BBE44-666E-418E-B75B-A5CAFE4B2628} = {CD10D1C2-A10F-44A9-A85C-A6E66195480B}
		{B8F6EF23-600D-4D5A-8806-F1A5B1077943} = {CD10D1C2-A10F-44A9-A85C-A6E66195480B}
		{74B0471F-517B-4191-8D0B-813BFA3C8C6D} = {04DBDB01-70F4-4E06-B468-8F87850B22BE}
		{CD10D1C2-A10F-44A9-A85C-A6E66195480B} = {D6CB65C7-95F0-4ABD-BDAC-5F607C70402B}
		{5225A468-0C02-4C98-A1D0-E5EE8CA47EFB} = {B830DCB3-6814-46F1-B990-555CC11DEA02}
		{27D3EAB4-64CE-4892-B43D-5BA52D981514} = {B830DCB3-6814-46F1-B990-555CC11DEA02}
		{B92E38EF-8E4B-4F1C-B41B-AA03D5F5AA28} = {B830DCB3-6814-46F1-B990-555CC11DEA02}
		{D662D4B9-05EC-484F-938B-34A24498199B} = {FEE25EA4-8825-4ADB-9F68-7E978B68AD81}
		{E0931919-9023-40F8-83E7-A73FF14C3A7F} = {FEE25EA4-8825-4ADB-9F68-7E978B68AD81}
		{D9B6543C-F033-4AFD-BB75-D659FAAA941D} = {FEE25EA4-8825-4ADB-9F68-7E978B68AD81}
		{277474C0-2E51-4C95-A34F-C2DAAB97BED4} = {FEE25EA4-8825-4ADB-9F68-7E978B68AD81}
		{005F0936-05AE-4918-BD7C-8ECCA3A8EAAF} = {FEE25EA4-8825-4ADB-9F68-7E978B68AD81}
		{B830DCB3-6814-46F1-B990-555CC11DEA02} = {04DBDB01-70F4-4E06-B468-8F87850B22BE}
		{FEE25EA4-8825-4ADB-9F68-7E978B68AD81} = {D6CB65C7-95F0-4ABD-BDAC-5F607C70402B}
		{1A94A50E-06DC-43C1-80B5-B662820EC3EB} = {CA9AC87F-097E-4F15-8393-4BC07735A5B0}
		{C956DD76-69C8-4A9C-83EA-D17DF83340FD} = {CA9AC87F-097E-4F15-8393-4BC07735A5B0}
		{068855E8-9240-4F1A-910B-CF825794513B} = {CA9AC87F-097E-4F15-8393-4BC07735A5B0}
		{50B2631D-129C-47B3-A587-029CCD6099BC} = {04DBDB01-70F4-4E06-B468-8F87850B22BE}
		{5F1B28C6-8D0C-4155-92D0-252F7EA5F674} = {04DBDB01-70F4-4E06-B468-8F87850B22BE}
		{42F719ED-8413-4895-B5B4-5AB56079BC66} = {CA9AC87F-097E-4F15-8393-4BC07735A5B0}
		{520659C8-C734-4298-A3DA-B539DB9DFC0B} = {CA9AC87F-097E-4F15-8393-4BC07735A5B0}
		{4164BDF7-F527-4E85-9CE6-E3C2D7426A27} = {CA9AC87F-097E-4F15-8393-4BC07735A5B0}
		{3B5A0094-670D-4BB1-BFDD-61B88A8773DC} = {CA9AC87F-097E-4F15-8393-4BC07735A5B0}
		{1FE30EB9-74A9-47F5-A9F6-7B1FAB672D81} = {04DBDB01-70F4-4E06-B468-8F87850B22BE}
		{91853F21-9CD9-4132-BC29-A7D5D84FFFE7} = {04DBDB01-70F4-4E06-B468-8F87850B22BE}
		{E512F4D9-9375-480F-A2F6-A46509F9D824} = {04DBDB01-70F4-4E06-B468-8F87850B22BE}
		{EF480016-9127-4916-8735-D2466BDBC582} = {04DBDB01-70F4-4E06-B468-8F87850B22BE}
		{AA94D832-1CCC-4715-95A9-A483F23A1A5D} = {CA9AC87F-097E-4F15-8393-4BC07735A5B0}
	EndGlobalSection
	GlobalSection(ExtensibilityGlobals) = postSolution
		SolutionGuid = {28315BFD-90E7-4E14-A2EA-F3D23AF4126F}
	EndGlobalSection
EndGlobal
